// !$*UTF8*$!
{
	archiveVersion = 1;
	classes = {
	};
	objectVersion = 46;
	objects = {

/* Begin PBXBuildFile section */
		270711811A9143AF00591493 /* GameHost.m in Sources */ = {isa = PBXBuildFile; fileRef = 270711801A9143AF00591493 /* GameHost.m */; };
		273BD35F1AD2261500BFEE65 /* JoinGameVC.m in Sources */ = {isa = PBXBuildFile; fileRef = 273BD35E1AD2261500BFEE65 /* JoinGameVC.m */; };
		273F70611A61C60E005103BA /* ConnectionListener.m in Sources */ = {isa = PBXBuildFile; fileRef = 273F70601A61C60E005103BA /* ConnectionListener.m */; };
		273F70661A61C68C005103BA /* RoomListener.m in Sources */ = {isa = PBXBuildFile; fileRef = 273F70631A61C68C005103BA /* RoomListener.m */; };
		273F70671A61C68C005103BA /* NotificationListener.m in Sources */ = {isa = PBXBuildFile; fileRef = 273F70651A61C68C005103BA /* NotificationListener.m */; };
		273F70681A61DB82005103BA /* AppWarp_iOS_SDK.framework in Frameworks */ = {isa = PBXBuildFile; fileRef = 273F705D1A61C101005103BA /* AppWarp_iOS_SDK.framework */; };
		277E15EC1A800035009BD072 /* TossTileView.m in Sources */ = {isa = PBXBuildFile; fileRef = 277E15EB1A800035009BD072 /* TossTileView.m */; };
		277E15EF1A8292F4009BD072 /* LobbyViewController.m in Sources */ = {isa = PBXBuildFile; fileRef = 277E15EE1A8292F4009BD072 /* LobbyViewController.m */; };
		27C759A71A69AAEF0004DB59 /* NetworkUtils.m in Sources */ = {isa = PBXBuildFile; fileRef = 27C759A61A69AAEF0004DB59 /* NetworkUtils.m */; };
		27C759A91A69AB1A0004DB59 /* GameConstants.m in Sources */ = {isa = PBXBuildFile; fileRef = 27C759A81A69AB1A0004DB59 /* GameConstants.m */; };
		A30ADC8C1A4CFBD200047201 /* main.m in Sources */ = {isa = PBXBuildFile; fileRef = A30ADC8B1A4CFBD200047201 /* main.m */; };
		A30ADC8F1A4CFBD200047201 /* AppDelegate.m in Sources */ = {isa = PBXBuildFile; fileRef = A30ADC8E1A4CFBD200047201 /* AppDelegate.m */; };
		A30ADC921A4CFBD200047201 /* ViewController.m in Sources */ = {isa = PBXBuildFile; fileRef = A30ADC911A4CFBD200047201 /* ViewController.m */; };
		A30ADC951A4CFBD200047201 /* Main.storyboard in Resources */ = {isa = PBXBuildFile; fileRef = A30ADC931A4CFBD200047201 /* Main.storyboard */; };
		A30ADC971A4CFBD200047201 /* Images.xcassets in Resources */ = {isa = PBXBuildFile; fileRef = A30ADC961A4CFBD200047201 /* Images.xcassets */; };
		A30ADC9A1A4CFBD200047201 /* LaunchScreen.xib in Resources */ = {isa = PBXBuildFile; fileRef = A30ADC981A4CFBD200047201 /* LaunchScreen.xib */; };
		A30ADCA61A4CFBD200047201 /* NetworkingDemoTests.m in Sources */ = {isa = PBXBuildFile; fileRef = A30ADCA51A4CFBD200047201 /* NetworkingDemoTests.m */; };
		A30ADCB41A4D0CAD00047201 /* TileViewCell.m in Sources */ = {isa = PBXBuildFile; fileRef = A30ADCB31A4D0CAD00047201 /* TileViewCell.m */; };
		A30ADCB71A4D0CCC00047201 /* BoardViewCell.m in Sources */ = {isa = PBXBuildFile; fileRef = A30ADCB61A4D0CCC00047201 /* BoardViewCell.m */; };
		A30CA1E61AC34968001EDD8E /* Parse.framework in Frameworks */ = {isa = PBXBuildFile; fileRef = A30CA1E51AC34967001EDD8E /* Parse.framework */; };
		A30CA1E81AC34973001EDD8E /* Bolts.framework in Frameworks */ = {isa = PBXBuildFile; fileRef = A30CA1E71AC34973001EDD8E /* Bolts.framework */; };
		A30CA1EA1AC349B8001EDD8E /* AudioToolbox.framework in Frameworks */ = {isa = PBXBuildFile; fileRef = A30CA1E91AC349B8001EDD8E /* AudioToolbox.framework */; };
		A30CA1EC1AC349C8001EDD8E /* CFNetwork.framework in Frameworks */ = {isa = PBXBuildFile; fileRef = A30CA1EB1AC349C7001EDD8E /* CFNetwork.framework */; };
		A30CA1EE1AC349D5001EDD8E /* CoreGraphics.framework in Frameworks */ = {isa = PBXBuildFile; fileRef = A30CA1ED1AC349D5001EDD8E /* CoreGraphics.framework */; };
		A30CA1F01AC349E1001EDD8E /* CoreLocation.framework in Frameworks */ = {isa = PBXBuildFile; fileRef = A30CA1EF1AC349E1001EDD8E /* CoreLocation.framework */; };
		A30CA1F21AC349EC001EDD8E /* MobileCoreServices.framework in Frameworks */ = {isa = PBXBuildFile; fileRef = A30CA1F11AC349EC001EDD8E /* MobileCoreServices.framework */; };
		A30CA1F41AC349F9001EDD8E /* QuartzCore.framework in Frameworks */ = {isa = PBXBuildFile; fileRef = A30CA1F31AC349F9001EDD8E /* QuartzCore.framework */; };
		A30CA1F61AC34A01001EDD8E /* Security.framework in Frameworks */ = {isa = PBXBuildFile; fileRef = A30CA1F51AC34A01001EDD8E /* Security.framework */; };
		A30CA1F81AC34A0C001EDD8E /* StoreKit.framework in Frameworks */ = {isa = PBXBuildFile; fileRef = A30CA1F71AC34A0C001EDD8E /* StoreKit.framework */; };
		A30CA1FA1AC34A16001EDD8E /* SystemConfiguration.framework in Frameworks */ = {isa = PBXBuildFile; fileRef = A30CA1F91AC34A16001EDD8E /* SystemConfiguration.framework */; };
		A30CA1FC1AC34A2A001EDD8E /* libz.dylib in Frameworks */ = {isa = PBXBuildFile; fileRef = A30CA1FB1AC34A2A001EDD8E /* libz.dylib */; };
		A30CA1FE1AC34A37001EDD8E /* libsqlite3.dylib in Frameworks */ = {isa = PBXBuildFile; fileRef = A30CA1FD1AC34A37001EDD8E /* libsqlite3.dylib */; };
		A30FCE801AB605D60009F82E /* unplayedTile1.png in Resources */ = {isa = PBXBuildFile; fileRef = A30FCE7C1AB605D60009F82E /* unplayedTile1.png */; };
		A30FCE811AB605D60009F82E /* unplayedTile2.png in Resources */ = {isa = PBXBuildFile; fileRef = A30FCE7D1AB605D60009F82E /* unplayedTile2.png */; };
		A30FCE831AB605D60009F82E /* unplayedTile4.png in Resources */ = {isa = PBXBuildFile; fileRef = A30FCE7F1AB605D60009F82E /* unplayedTile4.png */; };
		A30FCE851AB605F20009F82E /* unplayedTile3.png in Resources */ = {isa = PBXBuildFile; fileRef = A30FCE841AB605F20009F82E /* unplayedTile3.png */; };
		A30FCE881AB60D3A0009F82E /* ScoresViewController.m in Sources */ = {isa = PBXBuildFile; fileRef = A30FCE871AB60D3A0009F82E /* ScoresViewController.m */; };
		A330496D1A928B70002BA6EB /* background_music.mp3 in Resources */ = {isa = PBXBuildFile; fileRef = A330496C1A928B70002BA6EB /* background_music.mp3 */; };
		A330496F1A9E63D1002BA6EB /* tile2.png in Resources */ = {isa = PBXBuildFile; fileRef = A330496E1A9E63D1002BA6EB /* tile2.png */; };
		A36C3C171A670DF0000BF0B0 /* BoardChecker.m in Sources */ = {isa = PBXBuildFile; fileRef = A36C3C161A670DF0000BF0B0 /* BoardChecker.m */; };
		A36E23241AC9E9200068F887 /* hiscorebkg.png in Resources */ = {isa = PBXBuildFile; fileRef = A36E23231AC9E9200068F887 /* hiscorebkg.png */; };
		A38645351ABA05F90032CF8C /* Shuffle-50.png in Resources */ = {isa = PBXBuildFile; fileRef = A38645341ABA05F90032CF8C /* Shuffle-50.png */; };
		A38645371ABA06000032CF8C /* Reload Filled-50.png in Resources */ = {isa = PBXBuildFile; fileRef = A38645361ABA06000032CF8C /* Reload Filled-50.png */; };
		A38645391ABA06110032CF8C /* gamebkg4.png in Resources */ = {isa = PBXBuildFile; fileRef = A38645381ABA06110032CF8C /* gamebkg4.png */; };
		A386453B1ABA080D0032CF8C /* Shuffle-50 (1).png in Resources */ = {isa = PBXBuildFile; fileRef = A386453A1ABA080D0032CF8C /* Shuffle-50 (1).png */; };
		A38B9DAA1A8479D300F1F59A /* scrabble_words.txt in Resources */ = {isa = PBXBuildFile; fileRef = A38B9DA91A8479D300F1F59A /* scrabble_words.txt */; };
		A39C06B51A912D8E00D1B8B8 /* play-100.png in Resources */ = {isa = PBXBuildFile; fileRef = A39C06B41A912D8E00D1B8B8 /* play-100.png */; };
		A3CABF1B1A8BBC690037B370 /* trash-64.png in Resources */ = {isa = PBXBuildFile; fileRef = A3CABF1A1A8BBC690037B370 /* trash-64.png */; };
		A3CABF1D1A8E6E4F0037B370 /* success.m4a in Resources */ = {isa = PBXBuildFile; fileRef = A3CABF1C1A8E6CA80037B370 /* success.m4a */; };
		F00FF5F21AB53F4900D3C75E /* trash-64.png in Resources */ = {isa = PBXBuildFile; fileRef = F00FF5F11AB53F4900D3C75E /* trash-64.png */; };
		F0206BBC1ACF4CDC00BA0B80 /* nextButton.png in Resources */ = {isa = PBXBuildFile; fileRef = F0206BBB1ACF4CDC00BA0B80 /* nextButton.png */; };
		F0206BC11ACF506F00BA0B80 /* TutorialTile2.m in Sources */ = {isa = PBXBuildFile; fileRef = F0206BC01ACF506F00BA0B80 /* TutorialTile2.m */; };
		F0221D691AB514D700245C38 /* Screen Shot 2015-03-14 at 8.15.56 PM.png in Resources */ = {isa = PBXBuildFile; fileRef = F0221D681AB514D700245C38 /* Screen Shot 2015-03-14 at 8.15.56 PM.png */; };
		F0221D6B1AB517FE00245C38 /* trophy.png in Resources */ = {isa = PBXBuildFile; fileRef = F0221D6A1AB517FE00245C38 /* trophy.png */; };
		F0221D721AB51ED200245C38 /* fuel_red_2.png in Resources */ = {isa = PBXBuildFile; fileRef = F0221D701AB51ED200245C38 /* fuel_red_2.png */; };
		F0221D731AB51ED200245C38 /* fuel_blue_2.png in Resources */ = {isa = PBXBuildFile; fileRef = F0221D711AB51ED200245C38 /* fuel_blue_2.png */; };
		F0221D751AB5232F00245C38 /* BarTimerView.m in Sources */ = {isa = PBXBuildFile; fileRef = F0221D741AB5232F00245C38 /* BarTimerView.m */; };
		F02422921A8C0478003F2B67 /* oj.ttf in Resources */ = {isa = PBXBuildFile; fileRef = F02422911A8C0466003F2B67 /* oj.ttf */; };
		F02422931A8C0485003F2B67 /* oj.ttf in Resources */ = {isa = PBXBuildFile; fileRef = F02422911A8C0466003F2B67 /* oj.ttf */; };
		F04428F01A68302600D7B02E /* Player.m in Sources */ = {isa = PBXBuildFile; fileRef = F04428EF1A68302600D7B02E /* Player.m */; };
		F04498961AB0B5F90020F01A /* unplayedTile.png in Resources */ = {isa = PBXBuildFile; fileRef = F04498931AB0B5F90020F01A /* unplayedTile.png */; };
		F04498971AB0B5F90020F01A /* gamebkg2.png in Resources */ = {isa = PBXBuildFile; fileRef = F04498941AB0B5F90020F01A /* gamebkg2.png */; };
		F04C7EE61AD32F76001AE62E /* icon29.png in Resources */ = {isa = PBXBuildFile; fileRef = F04C7EE21AD32F76001AE62E /* icon29.png */; };
		F04C7EE71AD32F76001AE62E /* icon32.png in Resources */ = {isa = PBXBuildFile; fileRef = F04C7EE31AD32F76001AE62E /* icon32.png */; };
		F04C7EE81AD32F76001AE62E /* icon40.png in Resources */ = {isa = PBXBuildFile; fileRef = F04C7EE41AD32F76001AE62E /* icon40.png */; };
		F04C7EE91AD32F76001AE62E /* icon76.png in Resources */ = {isa = PBXBuildFile; fileRef = F04C7EE51AD32F76001AE62E /* icon76.png */; };
		F04C7EED1AD330A1001AE62E /* icon40x2.png in Resources */ = {isa = PBXBuildFile; fileRef = F04C7EEA1AD330A1001AE62E /* icon40x2.png */; };
		F04C7EEE1AD330A1001AE62E /* icon76x2.png in Resources */ = {isa = PBXBuildFile; fileRef = F04C7EEB1AD330A1001AE62E /* icon76x2.png */; };
		F04C7EEF1AD330A1001AE62E /* icon292.png in Resources */ = {isa = PBXBuildFile; fileRef = F04C7EEC1AD330A1001AE62E /* icon292.png */; };
		F04C7EFE1AD33897001AE62E /* endGameDialog.png in Resources */ = {isa = PBXBuildFile; fileRef = F04C7EFC1AD33897001AE62E /* endGameDialog.png */; };
		F04C7EFF1AD33897001AE62E /* endGameDialog2.png in Resources */ = {isa = PBXBuildFile; fileRef = F04C7EFD1AD33897001AE62E /* endGameDialog2.png */; };
		F04C7F021AD33A51001AE62E /* HomeBut.png in Resources */ = {isa = PBXBuildFile; fileRef = F04C7F001AD33A51001AE62E /* HomeBut.png */; };
		F04C7F031AD33A51001AE62E /* rematchBut.png in Resources */ = {isa = PBXBuildFile; fileRef = F04C7F011AD33A51001AE62E /* rematchBut.png */; };
		F04F041B1ACF212A003FEB65 /* TutorialTile.m in Sources */ = {isa = PBXBuildFile; fileRef = F04F041A1ACF212A003FEB65 /* TutorialTile.m */; };
		F051CEA11AB54B850013AAC7 /* gamebkg.png in Resources */ = {isa = PBXBuildFile; fileRef = F051CE9E1AB54B850013AAC7 /* gamebkg.png */; };
		F051CEA21AB54B850013AAC7 /* tile1.png in Resources */ = {isa = PBXBuildFile; fileRef = F051CE9F1AB54B850013AAC7 /* tile1.png */; };
		F051CEA31AB54B850013AAC7 /* tile1Pressed.png in Resources */ = {isa = PBXBuildFile; fileRef = F051CEA01AB54B850013AAC7 /* tile1Pressed.png */; };
		F06BD5EF1ADC425200365D66 /* bkg3.png in Resources */ = {isa = PBXBuildFile; fileRef = F06BD5E81ADC425200365D66 /* bkg3.png */; };
		F06BD5F01ADC425200365D66 /* e1.png in Resources */ = {isa = PBXBuildFile; fileRef = F06BD5E91ADC425200365D66 /* e1.png */; };
		F06BD5F11ADC425200365D66 /* e2.png in Resources */ = {isa = PBXBuildFile; fileRef = F06BD5EA1ADC425200365D66 /* e2.png */; };
		F06BD5F21ADC425200365D66 /* e3.png in Resources */ = {isa = PBXBuildFile; fileRef = F06BD5EB1ADC425200365D66 /* e3.png */; };
		F06BD5F31ADC425200365D66 /* e4.png in Resources */ = {isa = PBXBuildFile; fileRef = F06BD5EC1ADC425200365D66 /* e4.png */; };
		F06BD5F41ADC425200365D66 /* playButton.png in Resources */ = {isa = PBXBuildFile; fileRef = F06BD5ED1ADC425200365D66 /* playButton.png */; };
		F06BD5F51ADC425200365D66 /* scoresButton.png in Resources */ = {isa = PBXBuildFile; fileRef = F06BD5EE1ADC425200365D66 /* scoresButton.png */; };
		F06BD5F71ADC42F300365D66 /* EndGameDialog3.xib in Resources */ = {isa = PBXBuildFile; fileRef = F06BD5F61ADC42F300365D66 /* EndGameDialog3.xib */; };
		F06BD5F91ADC431B00365D66 /* EndGameDialog4.xib in Resources */ = {isa = PBXBuildFile; fileRef = F06BD5F81ADC431B00365D66 /* EndGameDialog4.xib */; };
		F06BD5FB1ADC44D200365D66 /* Logout-50.png in Resources */ = {isa = PBXBuildFile; fileRef = F06BD5FA1ADC44D200365D66 /* Logout-50.png */; };
		F07943081A6D97EA002849ED /* BoardCellDTO.m in Sources */ = {isa = PBXBuildFile; fileRef = F07943071A6D97EA002849ED /* BoardCellDTO.m */; };
		F07A313E1AD4A04500B80EB0 /* unplayedTile3.png in Resources */ = {isa = PBXBuildFile; fileRef = F07A313D1AD4A04500B80EB0 /* unplayedTile3.png */; };
		F07A31431AD4AEE000B80EB0 /* ctile.png in Resources */ = {isa = PBXBuildFile; fileRef = F07A313F1AD4AEE000B80EB0 /* ctile.png */; };
		F07A31441AD4AEE000B80EB0 /* endGameDialog.png in Resources */ = {isa = PBXBuildFile; fileRef = F07A31401AD4AEE000B80EB0 /* endGameDialog.png */; };
		F07A31451AD4AEE000B80EB0 /* endGameDialog2.png in Resources */ = {isa = PBXBuildFile; fileRef = F07A31411AD4AEE000B80EB0 /* endGameDialog2.png */; };
		F07A31461AD4AEE000B80EB0 /* tile1.png in Resources */ = {isa = PBXBuildFile; fileRef = F07A31421AD4AEE000B80EB0 /* tile1.png */; };
		F084F90C1AD37B1A00208B98 /* t1.png in Resources */ = {isa = PBXBuildFile; fileRef = F084F9001AD37B1A00208B98 /* t1.png */; };
		F084F90D1AD37B1A00208B98 /* t2.png in Resources */ = {isa = PBXBuildFile; fileRef = F084F9011AD37B1A00208B98 /* t2.png */; };
		F084F90E1AD37B1A00208B98 /* t3.png in Resources */ = {isa = PBXBuildFile; fileRef = F084F9021AD37B1A00208B98 /* t3.png */; };
		F084F90F1AD37B1A00208B98 /* t4.png in Resources */ = {isa = PBXBuildFile; fileRef = F084F9031AD37B1A00208B98 /* t4.png */; };
		F084F9101AD37B1A00208B98 /* t5.png in Resources */ = {isa = PBXBuildFile; fileRef = F084F9041AD37B1A00208B98 /* t5.png */; };
		F084F9111AD37B1A00208B98 /* t6.png in Resources */ = {isa = PBXBuildFile; fileRef = F084F9051AD37B1A00208B98 /* t6.png */; };
		F084F9121AD37B1A00208B98 /* t7.png in Resources */ = {isa = PBXBuildFile; fileRef = F084F9061AD37B1A00208B98 /* t7.png */; };
		F084F9131AD37B1A00208B98 /* t8.png in Resources */ = {isa = PBXBuildFile; fileRef = F084F9071AD37B1A00208B98 /* t8.png */; };
		F084F9141AD37B1A00208B98 /* t9.png in Resources */ = {isa = PBXBuildFile; fileRef = F084F9081AD37B1A00208B98 /* t9.png */; };
		F084F9151AD37B1A00208B98 /* t10.png in Resources */ = {isa = PBXBuildFile; fileRef = F084F9091AD37B1A00208B98 /* t10.png */; };
		F084F9161AD37B1A00208B98 /* t11.png in Resources */ = {isa = PBXBuildFile; fileRef = F084F90A1AD37B1A00208B98 /* t11.png */; };
		F084F9171AD37B1A00208B98 /* t12.png in Resources */ = {isa = PBXBuildFile; fileRef = F084F90B1AD37B1A00208B98 /* t12.png */; };
		F08950151A9A6214004EA816 /* trophy.png in Resources */ = {isa = PBXBuildFile; fileRef = F08950141A9A6214004EA816 /* trophy.png */; };
		F08B23D61A9CE9BA0051C3AF /* tile.png in Resources */ = {isa = PBXBuildFile; fileRef = F08B23D31A9CE9BA0051C3AF /* tile.png */; };
		F08B23D71A9CE9BA0051C3AF /* tilePressed.png in Resources */ = {isa = PBXBuildFile; fileRef = F08B23D41A9CE9BA0051C3AF /* tilePressed.png */; };
		F08B23D81A9CE9BA0051C3AF /* bkg.png in Resources */ = {isa = PBXBuildFile; fileRef = F08B23D51A9CE9BA0051C3AF /* bkg.png */; };
		F0965A531AD3566300348DB0 /* bkg.png in Resources */ = {isa = PBXBuildFile; fileRef = F0965A501AD3566300348DB0 /* bkg.png */; };
		F0965A541AD3566300348DB0 /* endGameDialog.png in Resources */ = {isa = PBXBuildFile; fileRef = F0965A511AD3566300348DB0 /* endGameDialog.png */; };
		F0965A551AD3566300348DB0 /* endGameDialog2.png in Resources */ = {isa = PBXBuildFile; fileRef = F0965A521AD3566300348DB0 /* endGameDialog2.png */; };
		F0965A571AD3590700348DB0 /* EndGameDialog.xib in Resources */ = {isa = PBXBuildFile; fileRef = F0965A561AD3590700348DB0 /* EndGameDialog.xib */; };
		F0965A5A1AD35DDD00348DB0 /* EndGameDialog.m in Sources */ = {isa = PBXBuildFile; fileRef = F0965A591AD35DDD00348DB0 /* EndGameDialog.m */; };
		F0965A5C1AD366DC00348DB0 /* EndGameDialog2.xib in Resources */ = {isa = PBXBuildFile; fileRef = F0965A5B1AD366DC00348DB0 /* EndGameDialog2.xib */; };
		F0AC56741A905B6500D8E953 /* CircleTimerView.m in Sources */ = {isa = PBXBuildFile; fileRef = F0AC56731A905B6500D8E953 /* CircleTimerView.m */; };
/* End PBXBuildFile section */

/* Begin PBXContainerItemProxy section */
		A30ADCA01A4CFBD200047201 /* PBXContainerItemProxy */ = {
			isa = PBXContainerItemProxy;
			containerPortal = A30ADC7E1A4CFBD200047201 /* Project object */;
			proxyType = 1;
			remoteGlobalIDString = A30ADC851A4CFBD200047201;
			remoteInfo = NetworkingDemo;
		};
/* End PBXContainerItemProxy section */

/* Begin PBXFileReference section */
		270711801A9143AF00591493 /* GameHost.m */ = {isa = PBXFileReference; fileEncoding = 4; lastKnownFileType = sourcecode.c.objc; path = GameHost.m; sourceTree = "<group>"; };
		270711821A9143BE00591493 /* GameHost.h */ = {isa = PBXFileReference; fileEncoding = 4; lastKnownFileType = sourcecode.c.h; path = GameHost.h; sourceTree = "<group>"; };
		273BD35D1AD2261500BFEE65 /* JoinGameVC.h */ = {isa = PBXFileReference; fileEncoding = 4; lastKnownFileType = sourcecode.c.h; path = JoinGameVC.h; sourceTree = "<group>"; };
		273BD35E1AD2261500BFEE65 /* JoinGameVC.m */ = {isa = PBXFileReference; fileEncoding = 4; lastKnownFileType = sourcecode.c.objc; path = JoinGameVC.m; sourceTree = "<group>"; };
		273F705D1A61C101005103BA /* AppWarp_iOS_SDK.framework */ = {isa = PBXFileReference; lastKnownFileType = wrapper.framework; name = AppWarp_iOS_SDK.framework; path = ../Downloads/AppWarp_iOS_SDK.framework; sourceTree = "<group>"; };
		273F705F1A61C60E005103BA /* ConnectionListener.h */ = {isa = PBXFileReference; fileEncoding = 4; lastKnownFileType = sourcecode.c.h; path = ConnectionListener.h; sourceTree = "<group>"; };
		273F70601A61C60E005103BA /* ConnectionListener.m */ = {isa = PBXFileReference; fileEncoding = 4; lastKnownFileType = sourcecode.c.objc; path = ConnectionListener.m; sourceTree = "<group>"; };
		273F70621A61C68C005103BA /* RoomListener.h */ = {isa = PBXFileReference; fileEncoding = 4; lastKnownFileType = sourcecode.c.h; path = RoomListener.h; sourceTree = "<group>"; };
		273F70631A61C68C005103BA /* RoomListener.m */ = {isa = PBXFileReference; fileEncoding = 4; lastKnownFileType = sourcecode.c.objc; path = RoomListener.m; sourceTree = "<group>"; };
		273F70641A61C68C005103BA /* NotificationListener.h */ = {isa = PBXFileReference; fileEncoding = 4; lastKnownFileType = sourcecode.c.h; path = NotificationListener.h; sourceTree = "<group>"; };
		273F70651A61C68C005103BA /* NotificationListener.m */ = {isa = PBXFileReference; fileEncoding = 4; lastKnownFileType = sourcecode.c.objc; path = NotificationListener.m; sourceTree = "<group>"; };
		273F70711A66F5D7005103BA /* GameConstants.h */ = {isa = PBXFileReference; lastKnownFileType = sourcecode.c.h; path = GameConstants.h; sourceTree = "<group>"; };
		277E15EA1A7FFFD6009BD072 /* TossTileView.h */ = {isa = PBXFileReference; lastKnownFileType = sourcecode.c.h; path = TossTileView.h; sourceTree = "<group>"; };
		277E15EB1A800035009BD072 /* TossTileView.m */ = {isa = PBXFileReference; fileEncoding = 4; lastKnownFileType = sourcecode.c.objc; path = TossTileView.m; sourceTree = "<group>"; };
		277E15ED1A8292F4009BD072 /* LobbyViewController.h */ = {isa = PBXFileReference; fileEncoding = 4; lastKnownFileType = sourcecode.c.h; path = LobbyViewController.h; sourceTree = "<group>"; };
		277E15EE1A8292F4009BD072 /* LobbyViewController.m */ = {isa = PBXFileReference; fileEncoding = 4; lastKnownFileType = sourcecode.c.objc; path = LobbyViewController.m; sourceTree = "<group>"; };
		27C7599D1A699BAA0004DB59 /* NetworkUtils.h */ = {isa = PBXFileReference; fileEncoding = 4; lastKnownFileType = sourcecode.c.h; path = NetworkUtils.h; sourceTree = "<group>"; };
		27C759A61A69AAEF0004DB59 /* NetworkUtils.m */ = {isa = PBXFileReference; fileEncoding = 4; lastKnownFileType = sourcecode.c.objc; path = NetworkUtils.m; sourceTree = "<group>"; };
		27C759A81A69AB1A0004DB59 /* GameConstants.m */ = {isa = PBXFileReference; fileEncoding = 4; lastKnownFileType = sourcecode.c.objc; path = GameConstants.m; sourceTree = "<group>"; };
		A30ADC861A4CFBD200047201 /* WordPlay.app */ = {isa = PBXFileReference; explicitFileType = wrapper.application; includeInIndex = 0; path = WordPlay.app; sourceTree = BUILT_PRODUCTS_DIR; };
		A30ADC8A1A4CFBD200047201 /* Info.plist */ = {isa = PBXFileReference; lastKnownFileType = text.plist.xml; path = Info.plist; sourceTree = "<group>"; };
		A30ADC8B1A4CFBD200047201 /* main.m */ = {isa = PBXFileReference; lastKnownFileType = sourcecode.c.objc; path = main.m; sourceTree = "<group>"; };
		A30ADC8D1A4CFBD200047201 /* AppDelegate.h */ = {isa = PBXFileReference; lastKnownFileType = sourcecode.c.h; path = AppDelegate.h; sourceTree = "<group>"; };
		A30ADC8E1A4CFBD200047201 /* AppDelegate.m */ = {isa = PBXFileReference; lastKnownFileType = sourcecode.c.objc; path = AppDelegate.m; sourceTree = "<group>"; };
		A30ADC901A4CFBD200047201 /* ViewController.h */ = {isa = PBXFileReference; lastKnownFileType = sourcecode.c.h; path = ViewController.h; sourceTree = "<group>"; };
		A30ADC911A4CFBD200047201 /* ViewController.m */ = {isa = PBXFileReference; lastKnownFileType = sourcecode.c.objc; path = ViewController.m; sourceTree = "<group>"; };
		A30ADC941A4CFBD200047201 /* Base */ = {isa = PBXFileReference; lastKnownFileType = file.storyboard; name = Base; path = Base.lproj/Main.storyboard; sourceTree = "<group>"; };
		A30ADC961A4CFBD200047201 /* Images.xcassets */ = {isa = PBXFileReference; lastKnownFileType = folder.assetcatalog; path = Images.xcassets; sourceTree = "<group>"; };
		A30ADC991A4CFBD200047201 /* Base */ = {isa = PBXFileReference; lastKnownFileType = file.xib; name = Base; path = Base.lproj/LaunchScreen.xib; sourceTree = "<group>"; };
		A30ADC9F1A4CFBD200047201 /* WordPlayTests.xctest */ = {isa = PBXFileReference; explicitFileType = wrapper.cfbundle; includeInIndex = 0; path = WordPlayTests.xctest; sourceTree = BUILT_PRODUCTS_DIR; };
		A30ADCA41A4CFBD200047201 /* Info.plist */ = {isa = PBXFileReference; lastKnownFileType = text.plist.xml; path = Info.plist; sourceTree = "<group>"; };
		A30ADCA51A4CFBD200047201 /* NetworkingDemoTests.m */ = {isa = PBXFileReference; lastKnownFileType = sourcecode.c.objc; path = NetworkingDemoTests.m; sourceTree = "<group>"; };
		A30ADCB21A4D0CAD00047201 /* TileViewCell.h */ = {isa = PBXFileReference; fileEncoding = 4; lastKnownFileType = sourcecode.c.h; path = TileViewCell.h; sourceTree = "<group>"; };
		A30ADCB31A4D0CAD00047201 /* TileViewCell.m */ = {isa = PBXFileReference; fileEncoding = 4; lastKnownFileType = sourcecode.c.objc; path = TileViewCell.m; sourceTree = "<group>"; };
		A30ADCB51A4D0CCC00047201 /* BoardViewCell.h */ = {isa = PBXFileReference; fileEncoding = 4; lastKnownFileType = sourcecode.c.h; path = BoardViewCell.h; sourceTree = "<group>"; };
		A30ADCB61A4D0CCC00047201 /* BoardViewCell.m */ = {isa = PBXFileReference; fileEncoding = 4; lastKnownFileType = sourcecode.c.objc; path = BoardViewCell.m; sourceTree = "<group>"; };
		A30CA1E51AC34967001EDD8E /* Parse.framework */ = {isa = PBXFileReference; lastKnownFileType = wrapper.framework; path = Parse.framework; sourceTree = "<group>"; };
		A30CA1E71AC34973001EDD8E /* Bolts.framework */ = {isa = PBXFileReference; lastKnownFileType = wrapper.framework; path = Bolts.framework; sourceTree = "<group>"; };
		A30CA1E91AC349B8001EDD8E /* AudioToolbox.framework */ = {isa = PBXFileReference; lastKnownFileType = wrapper.framework; name = AudioToolbox.framework; path = System/Library/Frameworks/AudioToolbox.framework; sourceTree = SDKROOT; };
		A30CA1EB1AC349C7001EDD8E /* CFNetwork.framework */ = {isa = PBXFileReference; lastKnownFileType = wrapper.framework; name = CFNetwork.framework; path = System/Library/Frameworks/CFNetwork.framework; sourceTree = SDKROOT; };
		A30CA1ED1AC349D5001EDD8E /* CoreGraphics.framework */ = {isa = PBXFileReference; lastKnownFileType = wrapper.framework; name = CoreGraphics.framework; path = System/Library/Frameworks/CoreGraphics.framework; sourceTree = SDKROOT; };
		A30CA1EF1AC349E1001EDD8E /* CoreLocation.framework */ = {isa = PBXFileReference; lastKnownFileType = wrapper.framework; name = CoreLocation.framework; path = System/Library/Frameworks/CoreLocation.framework; sourceTree = SDKROOT; };
		A30CA1F11AC349EC001EDD8E /* MobileCoreServices.framework */ = {isa = PBXFileReference; lastKnownFileType = wrapper.framework; name = MobileCoreServices.framework; path = System/Library/Frameworks/MobileCoreServices.framework; sourceTree = SDKROOT; };
		A30CA1F31AC349F9001EDD8E /* QuartzCore.framework */ = {isa = PBXFileReference; lastKnownFileType = wrapper.framework; name = QuartzCore.framework; path = System/Library/Frameworks/QuartzCore.framework; sourceTree = SDKROOT; };
		A30CA1F51AC34A01001EDD8E /* Security.framework */ = {isa = PBXFileReference; lastKnownFileType = wrapper.framework; name = Security.framework; path = System/Library/Frameworks/Security.framework; sourceTree = SDKROOT; };
		A30CA1F71AC34A0C001EDD8E /* StoreKit.framework */ = {isa = PBXFileReference; lastKnownFileType = wrapper.framework; name = StoreKit.framework; path = System/Library/Frameworks/StoreKit.framework; sourceTree = SDKROOT; };
		A30CA1F91AC34A16001EDD8E /* SystemConfiguration.framework */ = {isa = PBXFileReference; lastKnownFileType = wrapper.framework; name = SystemConfiguration.framework; path = System/Library/Frameworks/SystemConfiguration.framework; sourceTree = SDKROOT; };
		A30CA1FB1AC34A2A001EDD8E /* libz.dylib */ = {isa = PBXFileReference; lastKnownFileType = "compiled.mach-o.dylib"; name = libz.dylib; path = usr/lib/libz.dylib; sourceTree = SDKROOT; };
		A30CA1FD1AC34A37001EDD8E /* libsqlite3.dylib */ = {isa = PBXFileReference; lastKnownFileType = "compiled.mach-o.dylib"; name = libsqlite3.dylib; path = usr/lib/libsqlite3.dylib; sourceTree = SDKROOT; };
		A30FCE7C1AB605D60009F82E /* unplayedTile1.png */ = {isa = PBXFileReference; lastKnownFileType = image.png; path = unplayedTile1.png; sourceTree = "<group>"; };
		A30FCE7D1AB605D60009F82E /* unplayedTile2.png */ = {isa = PBXFileReference; lastKnownFileType = image.png; path = unplayedTile2.png; sourceTree = "<group>"; };
		A30FCE7F1AB605D60009F82E /* unplayedTile4.png */ = {isa = PBXFileReference; lastKnownFileType = image.png; path = unplayedTile4.png; sourceTree = "<group>"; };
		A30FCE841AB605F20009F82E /* unplayedTile3.png */ = {isa = PBXFileReference; lastKnownFileType = image.png; path = unplayedTile3.png; sourceTree = "<group>"; };
		A30FCE861AB60D3A0009F82E /* ScoresViewController.h */ = {isa = PBXFileReference; fileEncoding = 4; lastKnownFileType = sourcecode.c.h; path = ScoresViewController.h; sourceTree = "<group>"; };
		A30FCE871AB60D3A0009F82E /* ScoresViewController.m */ = {isa = PBXFileReference; fileEncoding = 4; lastKnownFileType = sourcecode.c.objc; path = ScoresViewController.m; sourceTree = "<group>"; };
		A330496C1A928B70002BA6EB /* background_music.mp3 */ = {isa = PBXFileReference; lastKnownFileType = audio.mp3; path = background_music.mp3; sourceTree = "<group>"; };
		A330496E1A9E63D1002BA6EB /* tile2.png */ = {isa = PBXFileReference; lastKnownFileType = image.png; path = tile2.png; sourceTree = "<group>"; };
		A36C3C151A670DF0000BF0B0 /* BoardChecker.h */ = {isa = PBXFileReference; fileEncoding = 4; lastKnownFileType = sourcecode.c.h; path = BoardChecker.h; sourceTree = "<group>"; };
		A36C3C161A670DF0000BF0B0 /* BoardChecker.m */ = {isa = PBXFileReference; fileEncoding = 4; lastKnownFileType = sourcecode.c.objc; path = BoardChecker.m; sourceTree = "<group>"; };
		A36E23231AC9E9200068F887 /* hiscorebkg.png */ = {isa = PBXFileReference; lastKnownFileType = image.png; path = hiscorebkg.png; sourceTree = "<group>"; };
		A38645341ABA05F90032CF8C /* Shuffle-50.png */ = {isa = PBXFileReference; lastKnownFileType = image.png; path = "Shuffle-50.png"; sourceTree = "<group>"; };
		A38645361ABA06000032CF8C /* Reload Filled-50.png */ = {isa = PBXFileReference; lastKnownFileType = image.png; path = "Reload Filled-50.png"; sourceTree = "<group>"; };
		A38645381ABA06110032CF8C /* gamebkg4.png */ = {isa = PBXFileReference; lastKnownFileType = image.png; path = gamebkg4.png; sourceTree = "<group>"; };
		A386453A1ABA080D0032CF8C /* Shuffle-50 (1).png */ = {isa = PBXFileReference; lastKnownFileType = image.png; path = "Shuffle-50 (1).png"; sourceTree = "<group>"; };
		A38B9DA91A8479D300F1F59A /* scrabble_words.txt */ = {isa = PBXFileReference; fileEncoding = 4; lastKnownFileType = text; path = scrabble_words.txt; sourceTree = "<group>"; };
		A39C06B41A912D8E00D1B8B8 /* play-100.png */ = {isa = PBXFileReference; lastKnownFileType = image.png; path = "play-100.png"; sourceTree = "<group>"; };
		A3CABF1A1A8BBC690037B370 /* trash-64.png */ = {isa = PBXFileReference; lastKnownFileType = image.png; path = "trash-64.png"; sourceTree = "<group>"; };
		A3CABF1C1A8E6CA80037B370 /* success.m4a */ = {isa = PBXFileReference; lastKnownFileType = file; path = success.m4a; sourceTree = "<group>"; };
		F00FF5F11AB53F4900D3C75E /* trash-64.png */ = {isa = PBXFileReference; lastKnownFileType = image.png; path = "trash-64.png"; sourceTree = "<group>"; };
		F0206BBB1ACF4CDC00BA0B80 /* nextButton.png */ = {isa = PBXFileReference; lastKnownFileType = image.png; path = nextButton.png; sourceTree = "<group>"; };
		F0206BBF1ACF505A00BA0B80 /* TutorialTile2.h */ = {isa = PBXFileReference; lastKnownFileType = sourcecode.c.h; path = TutorialTile2.h; sourceTree = "<group>"; };
		F0206BC01ACF506F00BA0B80 /* TutorialTile2.m */ = {isa = PBXFileReference; fileEncoding = 4; lastKnownFileType = sourcecode.c.objc; path = TutorialTile2.m; sourceTree = "<group>"; };
		F0221D681AB514D700245C38 /* Screen Shot 2015-03-14 at 8.15.56 PM.png */ = {isa = PBXFileReference; lastKnownFileType = image.png; path = "Screen Shot 2015-03-14 at 8.15.56 PM.png"; sourceTree = "<group>"; };
		F0221D6A1AB517FE00245C38 /* trophy.png */ = {isa = PBXFileReference; lastKnownFileType = image.png; path = trophy.png; sourceTree = "<group>"; };
		F0221D701AB51ED200245C38 /* fuel_red_2.png */ = {isa = PBXFileReference; lastKnownFileType = image.png; path = fuel_red_2.png; sourceTree = "<group>"; };
		F0221D711AB51ED200245C38 /* fuel_blue_2.png */ = {isa = PBXFileReference; lastKnownFileType = image.png; path = fuel_blue_2.png; sourceTree = "<group>"; };
		F0221D741AB5232F00245C38 /* BarTimerView.m */ = {isa = PBXFileReference; fileEncoding = 4; lastKnownFileType = sourcecode.c.objc; path = BarTimerView.m; sourceTree = "<group>"; };
		F0221D761AB5233900245C38 /* BarTimerView.h */ = {isa = PBXFileReference; lastKnownFileType = sourcecode.c.h; path = BarTimerView.h; sourceTree = "<group>"; };
		F02422911A8C0466003F2B67 /* oj.ttf */ = {isa = PBXFileReference; lastKnownFileType = file; path = oj.ttf; sourceTree = "<group>"; };
		F04428EF1A68302600D7B02E /* Player.m */ = {isa = PBXFileReference; fileEncoding = 4; lastKnownFileType = sourcecode.c.objc; path = Player.m; sourceTree = "<group>"; };
		F04428F11A68303600D7B02E /* Player.h */ = {isa = PBXFileReference; lastKnownFileType = sourcecode.c.h; path = Player.h; sourceTree = "<group>"; };
		F04498931AB0B5F90020F01A /* unplayedTile.png */ = {isa = PBXFileReference; lastKnownFileType = image.png; path = unplayedTile.png; sourceTree = "<group>"; };
		F04498941AB0B5F90020F01A /* gamebkg2.png */ = {isa = PBXFileReference; lastKnownFileType = image.png; path = gamebkg2.png; sourceTree = "<group>"; };
		F04C7EE21AD32F76001AE62E /* icon29.png */ = {isa = PBXFileReference; lastKnownFileType = image.png; path = icon29.png; sourceTree = "<group>"; };
		F04C7EE31AD32F76001AE62E /* icon32.png */ = {isa = PBXFileReference; lastKnownFileType = image.png; path = icon32.png; sourceTree = "<group>"; };
		F04C7EE41AD32F76001AE62E /* icon40.png */ = {isa = PBXFileReference; lastKnownFileType = image.png; path = icon40.png; sourceTree = "<group>"; };
		F04C7EE51AD32F76001AE62E /* icon76.png */ = {isa = PBXFileReference; lastKnownFileType = image.png; path = icon76.png; sourceTree = "<group>"; };
		F04C7EEA1AD330A1001AE62E /* icon40x2.png */ = {isa = PBXFileReference; lastKnownFileType = image.png; path = icon40x2.png; sourceTree = "<group>"; };
		F04C7EEB1AD330A1001AE62E /* icon76x2.png */ = {isa = PBXFileReference; lastKnownFileType = image.png; path = icon76x2.png; sourceTree = "<group>"; };
		F04C7EEC1AD330A1001AE62E /* icon292.png */ = {isa = PBXFileReference; lastKnownFileType = image.png; path = icon292.png; sourceTree = "<group>"; };
		F04C7EFC1AD33897001AE62E /* endGameDialog.png */ = {isa = PBXFileReference; lastKnownFileType = image.png; path = endGameDialog.png; sourceTree = "<group>"; };
		F04C7EFD1AD33897001AE62E /* endGameDialog2.png */ = {isa = PBXFileReference; lastKnownFileType = image.png; path = endGameDialog2.png; sourceTree = "<group>"; };
		F04C7F001AD33A51001AE62E /* HomeBut.png */ = {isa = PBXFileReference; lastKnownFileType = image.png; path = HomeBut.png; sourceTree = "<group>"; };
		F04C7F011AD33A51001AE62E /* rematchBut.png */ = {isa = PBXFileReference; lastKnownFileType = image.png; path = rematchBut.png; sourceTree = "<group>"; };
		F04F041A1ACF212A003FEB65 /* TutorialTile.m */ = {isa = PBXFileReference; fileEncoding = 4; lastKnownFileType = sourcecode.c.objc; path = TutorialTile.m; sourceTree = "<group>"; };
		F04F041C1ACF213A003FEB65 /* TutorialTile.h */ = {isa = PBXFileReference; lastKnownFileType = sourcecode.c.h; path = TutorialTile.h; sourceTree = "<group>"; };
		F051CE9E1AB54B850013AAC7 /* gamebkg.png */ = {isa = PBXFileReference; lastKnownFileType = image.png; path = gamebkg.png; sourceTree = "<group>"; };
		F051CE9F1AB54B850013AAC7 /* tile1.png */ = {isa = PBXFileReference; lastKnownFileType = image.png; path = tile1.png; sourceTree = "<group>"; };
		F051CEA01AB54B850013AAC7 /* tile1Pressed.png */ = {isa = PBXFileReference; lastKnownFileType = image.png; path = tile1Pressed.png; sourceTree = "<group>"; };
		F06BD5E81ADC425200365D66 /* bkg3.png */ = {isa = PBXFileReference; lastKnownFileType = image.png; path = bkg3.png; sourceTree = "<group>"; };
		F06BD5E91ADC425200365D66 /* e1.png */ = {isa = PBXFileReference; lastKnownFileType = image.png; path = e1.png; sourceTree = "<group>"; };
		F06BD5EA1ADC425200365D66 /* e2.png */ = {isa = PBXFileReference; lastKnownFileType = image.png; path = e2.png; sourceTree = "<group>"; };
		F06BD5EB1ADC425200365D66 /* e3.png */ = {isa = PBXFileReference; lastKnownFileType = image.png; path = e3.png; sourceTree = "<group>"; };
		F06BD5EC1ADC425200365D66 /* e4.png */ = {isa = PBXFileReference; lastKnownFileType = image.png; path = e4.png; sourceTree = "<group>"; };
		F06BD5ED1ADC425200365D66 /* playButton.png */ = {isa = PBXFileReference; lastKnownFileType = image.png; path = playButton.png; sourceTree = "<group>"; };
		F06BD5EE1ADC425200365D66 /* scoresButton.png */ = {isa = PBXFileReference; lastKnownFileType = image.png; path = scoresButton.png; sourceTree = "<group>"; };
		F06BD5F61ADC42F300365D66 /* EndGameDialog3.xib */ = {isa = PBXFileReference; fileEncoding = 4; lastKnownFileType = file.xib; path = EndGameDialog3.xib; sourceTree = "<group>"; };
		F06BD5F81ADC431B00365D66 /* EndGameDialog4.xib */ = {isa = PBXFileReference; fileEncoding = 4; lastKnownFileType = file.xib; path = EndGameDialog4.xib; sourceTree = "<group>"; };
		F06BD5FA1ADC44D200365D66 /* Logout-50.png */ = {isa = PBXFileReference; lastKnownFileType = image.png; path = "Logout-50.png"; sourceTree = "<group>"; };
		F07943071A6D97EA002849ED /* BoardCellDTO.m */ = {isa = PBXFileReference; fileEncoding = 4; lastKnownFileType = sourcecode.c.objc; path = BoardCellDTO.m; sourceTree = "<group>"; };
		F07943091A6D97F5002849ED /* BoardCellDTO.h */ = {isa = PBXFileReference; lastKnownFileType = sourcecode.c.h; path = BoardCellDTO.h; sourceTree = "<group>"; };
		F07A313D1AD4A04500B80EB0 /* unplayedTile3.png */ = {isa = PBXFileReference; lastKnownFileType = image.png; path = unplayedTile3.png; sourceTree = "<group>"; };
		F07A313F1AD4AEE000B80EB0 /* ctile.png */ = {isa = PBXFileReference; lastKnownFileType = image.png; path = ctile.png; sourceTree = "<group>"; };
		F07A31401AD4AEE000B80EB0 /* endGameDialog.png */ = {isa = PBXFileReference; lastKnownFileType = image.png; path = endGameDialog.png; sourceTree = "<group>"; };
		F07A31411AD4AEE000B80EB0 /* endGameDialog2.png */ = {isa = PBXFileReference; lastKnownFileType = image.png; path = endGameDialog2.png; sourceTree = "<group>"; };
		F07A31421AD4AEE000B80EB0 /* tile1.png */ = {isa = PBXFileReference; lastKnownFileType = image.png; path = tile1.png; sourceTree = "<group>"; };
		F084F9001AD37B1A00208B98 /* t1.png */ = {isa = PBXFileReference; lastKnownFileType = image.png; path = t1.png; sourceTree = "<group>"; };
		F084F9011AD37B1A00208B98 /* t2.png */ = {isa = PBXFileReference; lastKnownFileType = image.png; path = t2.png; sourceTree = "<group>"; };
		F084F9021AD37B1A00208B98 /* t3.png */ = {isa = PBXFileReference; lastKnownFileType = image.png; path = t3.png; sourceTree = "<group>"; };
		F084F9031AD37B1A00208B98 /* t4.png */ = {isa = PBXFileReference; lastKnownFileType = image.png; path = t4.png; sourceTree = "<group>"; };
		F084F9041AD37B1A00208B98 /* t5.png */ = {isa = PBXFileReference; lastKnownFileType = image.png; path = t5.png; sourceTree = "<group>"; };
		F084F9051AD37B1A00208B98 /* t6.png */ = {isa = PBXFileReference; lastKnownFileType = image.png; path = t6.png; sourceTree = "<group>"; };
		F084F9061AD37B1A00208B98 /* t7.png */ = {isa = PBXFileReference; lastKnownFileType = image.png; path = t7.png; sourceTree = "<group>"; };
		F084F9071AD37B1A00208B98 /* t8.png */ = {isa = PBXFileReference; lastKnownFileType = image.png; path = t8.png; sourceTree = "<group>"; };
		F084F9081AD37B1A00208B98 /* t9.png */ = {isa = PBXFileReference; lastKnownFileType = image.png; path = t9.png; sourceTree = "<group>"; };
		F084F9091AD37B1A00208B98 /* t10.png */ = {isa = PBXFileReference; lastKnownFileType = image.png; path = t10.png; sourceTree = "<group>"; };
		F084F90A1AD37B1A00208B98 /* t11.png */ = {isa = PBXFileReference; lastKnownFileType = image.png; path = t11.png; sourceTree = "<group>"; };
		F084F90B1AD37B1A00208B98 /* t12.png */ = {isa = PBXFileReference; lastKnownFileType = image.png; path = t12.png; sourceTree = "<group>"; };
		F08950141A9A6214004EA816 /* trophy.png */ = {isa = PBXFileReference; lastKnownFileType = image.png; path = trophy.png; sourceTree = "<group>"; };
		F08B23D31A9CE9BA0051C3AF /* tile.png */ = {isa = PBXFileReference; lastKnownFileType = image.png; path = tile.png; sourceTree = "<group>"; };
		F08B23D41A9CE9BA0051C3AF /* tilePressed.png */ = {isa = PBXFileReference; lastKnownFileType = image.png; path = tilePressed.png; sourceTree = "<group>"; };
		F08B23D51A9CE9BA0051C3AF /* bkg.png */ = {isa = PBXFileReference; lastKnownFileType = image.png; path = bkg.png; sourceTree = "<group>"; };
		F0965A501AD3566300348DB0 /* bkg.png */ = {isa = PBXFileReference; lastKnownFileType = image.png; path = bkg.png; sourceTree = "<group>"; };
		F0965A511AD3566300348DB0 /* endGameDialog.png */ = {isa = PBXFileReference; lastKnownFileType = image.png; path = endGameDialog.png; sourceTree = "<group>"; };
		F0965A521AD3566300348DB0 /* endGameDialog2.png */ = {isa = PBXFileReference; lastKnownFileType = image.png; path = endGameDialog2.png; sourceTree = "<group>"; };
		F0965A561AD3590700348DB0 /* EndGameDialog.xib */ = {isa = PBXFileReference; fileEncoding = 4; lastKnownFileType = file.xib; path = EndGameDialog.xib; sourceTree = "<group>"; };
		F0965A581AD35DD200348DB0 /* EndGameDialog.h */ = {isa = PBXFileReference; lastKnownFileType = sourcecode.c.h; path = EndGameDialog.h; sourceTree = "<group>"; };
		F0965A591AD35DDD00348DB0 /* EndGameDialog.m */ = {isa = PBXFileReference; fileEncoding = 4; lastKnownFileType = sourcecode.c.objc; path = EndGameDialog.m; sourceTree = "<group>"; };
		F0965A5B1AD366DC00348DB0 /* EndGameDialog2.xib */ = {isa = PBXFileReference; fileEncoding = 4; lastKnownFileType = file.xib; path = EndGameDialog2.xib; sourceTree = "<group>"; };
		F0AC56721A905B6500D8E953 /* CircleTimerView.h */ = {isa = PBXFileReference; fileEncoding = 4; lastKnownFileType = sourcecode.c.h; path = CircleTimerView.h; sourceTree = "<group>"; };
		F0AC56731A905B6500D8E953 /* CircleTimerView.m */ = {isa = PBXFileReference; fileEncoding = 4; lastKnownFileType = sourcecode.c.objc; path = CircleTimerView.m; sourceTree = "<group>"; };
/* End PBXFileReference section */

/* Begin PBXFrameworksBuildPhase section */
		A30ADC831A4CFBD200047201 /* Frameworks */ = {
			isa = PBXFrameworksBuildPhase;
			buildActionMask = 2147483647;
			files = (
				A30CA1FE1AC34A37001EDD8E /* libsqlite3.dylib in Frameworks */,
				A30CA1FC1AC34A2A001EDD8E /* libz.dylib in Frameworks */,
				A30CA1FA1AC34A16001EDD8E /* SystemConfiguration.framework in Frameworks */,
				A30CA1F81AC34A0C001EDD8E /* StoreKit.framework in Frameworks */,
				A30CA1F61AC34A01001EDD8E /* Security.framework in Frameworks */,
				A30CA1F41AC349F9001EDD8E /* QuartzCore.framework in Frameworks */,
				A30CA1F21AC349EC001EDD8E /* MobileCoreServices.framework in Frameworks */,
				A30CA1F01AC349E1001EDD8E /* CoreLocation.framework in Frameworks */,
				A30CA1EE1AC349D5001EDD8E /* CoreGraphics.framework in Frameworks */,
				A30CA1EC1AC349C8001EDD8E /* CFNetwork.framework in Frameworks */,
				A30CA1EA1AC349B8001EDD8E /* AudioToolbox.framework in Frameworks */,
				A30CA1E81AC34973001EDD8E /* Bolts.framework in Frameworks */,
				A30CA1E61AC34968001EDD8E /* Parse.framework in Frameworks */,
				273F70681A61DB82005103BA /* AppWarp_iOS_SDK.framework in Frameworks */,
			);
			runOnlyForDeploymentPostprocessing = 0;
		};
		A30ADC9C1A4CFBD200047201 /* Frameworks */ = {
			isa = PBXFrameworksBuildPhase;
			buildActionMask = 2147483647;
			files = (
			);
			runOnlyForDeploymentPostprocessing = 0;
		};
/* End PBXFrameworksBuildPhase section */

/* Begin PBXGroup section */
		A30ADC7D1A4CFBD200047201 = {
			isa = PBXGroup;
			children = (
				A30CA1FF1AC34A4F001EDD8E /* Frameworks */,
				A30ADC881A4CFBD200047201 /* NetworkingDemo */,
				A30ADCA21A4CFBD200047201 /* NetworkingDemoTests */,
				A30ADC871A4CFBD200047201 /* Products */,
			);
			sourceTree = "<group>";
		};
		A30ADC871A4CFBD200047201 /* Products */ = {
			isa = PBXGroup;
			children = (
				A30ADC861A4CFBD200047201 /* WordPlay.app */,
				A30ADC9F1A4CFBD200047201 /* WordPlayTests.xctest */,
			);
			name = Products;
			sourceTree = "<group>";
		};
		A30ADC881A4CFBD200047201 /* NetworkingDemo */ = {
			isa = PBXGroup;
			children = (
				F06BD5E81ADC425200365D66 /* bkg3.png */,
				F06BD5E91ADC425200365D66 /* e1.png */,
				F06BD5EA1ADC425200365D66 /* e2.png */,
				F06BD5EB1ADC425200365D66 /* e3.png */,
				F06BD5EC1ADC425200365D66 /* e4.png */,
				F06BD5ED1ADC425200365D66 /* playButton.png */,
				F06BD5EE1ADC425200365D66 /* scoresButton.png */,
				F0965A501AD3566300348DB0 /* bkg.png */,
				F0965A511AD3566300348DB0 /* endGameDialog.png */,
				F0965A521AD3566300348DB0 /* endGameDialog2.png */,
				F07A313F1AD4AEE000B80EB0 /* ctile.png */,
				F07A31401AD4AEE000B80EB0 /* endGameDialog.png */,
				F07A31411AD4AEE000B80EB0 /* endGameDialog2.png */,
				F07A31421AD4AEE000B80EB0 /* tile1.png */,
				F04C7EEA1AD330A1001AE62E /* icon40x2.png */,
				F04C7EEB1AD330A1001AE62E /* icon76x2.png */,
				F04C7EEC1AD330A1001AE62E /* icon292.png */,
				F051CE9E1AB54B850013AAC7 /* gamebkg.png */,
				A36E23231AC9E9200068F887 /* hiscorebkg.png */,
				F06BD5FA1ADC44D200365D66 /* Logout-50.png */,
				F084F9001AD37B1A00208B98 /* t1.png */,
				F084F9011AD37B1A00208B98 /* t2.png */,
				F084F9021AD37B1A00208B98 /* t3.png */,
				F084F9031AD37B1A00208B98 /* t4.png */,
				F084F9041AD37B1A00208B98 /* t5.png */,
				F084F9051AD37B1A00208B98 /* t6.png */,
				F084F9061AD37B1A00208B98 /* t7.png */,
				F084F9071AD37B1A00208B98 /* t8.png */,
				F084F9081AD37B1A00208B98 /* t9.png */,
				F084F9091AD37B1A00208B98 /* t10.png */,
				F084F90A1AD37B1A00208B98 /* t11.png */,
				F084F90B1AD37B1A00208B98 /* t12.png */,
				F04C7EE21AD32F76001AE62E /* icon29.png */,
				F04C7EE31AD32F76001AE62E /* icon32.png */,
				F04C7EE41AD32F76001AE62E /* icon40.png */,
				F04C7EE51AD32F76001AE62E /* icon76.png */,
				F0206BBB1ACF4CDC00BA0B80 /* nextButton.png */,
				F051CE9F1AB54B850013AAC7 /* tile1.png */,
				F051CEA01AB54B850013AAC7 /* tile1Pressed.png */,
				F04498931AB0B5F90020F01A /* unplayedTile.png */,
				A30FCE7C1AB605D60009F82E /* unplayedTile1.png */,
				A30FCE7D1AB605D60009F82E /* unplayedTile2.png */,
				F07A313D1AD4A04500B80EB0 /* unplayedTile3.png */,
				A30FCE7F1AB605D60009F82E /* unplayedTile4.png */,
				F04498941AB0B5F90020F01A /* gamebkg2.png */,
				F04C7EFC1AD33897001AE62E /* endGameDialog.png */,
				F04C7EFD1AD33897001AE62E /* endGameDialog2.png */,
				F0221D681AB514D700245C38 /* Screen Shot 2015-03-14 at 8.15.56 PM.png */,
				F0221D6A1AB517FE00245C38 /* trophy.png */,
				F08B23D31A9CE9BA0051C3AF /* tile.png */,
				A330496E1A9E63D1002BA6EB /* tile2.png */,
				F08B23D41A9CE9BA0051C3AF /* tilePressed.png */,
				F08B23D51A9CE9BA0051C3AF /* bkg.png */,
				F0AC56721A905B6500D8E953 /* CircleTimerView.h */,
				F0AC56731A905B6500D8E953 /* CircleTimerView.m */,
				F02422911A8C0466003F2B67 /* oj.ttf */,
				F061ED0C1A8C004C00C66223 /* Resources */,
				A36C3C151A670DF0000BF0B0 /* BoardChecker.h */,
				A36C3C161A670DF0000BF0B0 /* BoardChecker.m */,
				F04F041C1ACF213A003FEB65 /* TutorialTile.h */,
				F04F041A1ACF212A003FEB65 /* TutorialTile.m */,
				A30ADCB51A4D0CCC00047201 /* BoardViewCell.h */,
				F0206BBF1ACF505A00BA0B80 /* TutorialTile2.h */,
				F0206BC01ACF506F00BA0B80 /* TutorialTile2.m */,
				A30ADCB61A4D0CCC00047201 /* BoardViewCell.m */,
				277E15EA1A7FFFD6009BD072 /* TossTileView.h */,
				277E15EB1A800035009BD072 /* TossTileView.m */,
				F04428F11A68303600D7B02E /* Player.h */,
				F04428EF1A68302600D7B02E /* Player.m */,
				A30ADC901A4CFBD200047201 /* ViewController.h */,
				A30ADC911A4CFBD200047201 /* ViewController.m */,
				277E15ED1A8292F4009BD072 /* LobbyViewController.h */,
				277E15EE1A8292F4009BD072 /* LobbyViewController.m */,
				273BD35D1AD2261500BFEE65 /* JoinGameVC.h */,
				273BD35E1AD2261500BFEE65 /* JoinGameVC.m */,
				F08950141A9A6214004EA816 /* trophy.png */,
				A30ADCB21A4D0CAD00047201 /* TileViewCell.h */,
				A30ADCB31A4D0CAD00047201 /* TileViewCell.m */,
				273F70711A66F5D7005103BA /* GameConstants.h */,
				27C759A81A69AB1A0004DB59 /* GameConstants.m */,
				270711821A9143BE00591493 /* GameHost.h */,
				270711801A9143AF00591493 /* GameHost.m */,
				27C7599D1A699BAA0004DB59 /* NetworkUtils.h */,
				27C759A61A69AAEF0004DB59 /* NetworkUtils.m */,
				273F70621A61C68C005103BA /* RoomListener.h */,
				273F70631A61C68C005103BA /* RoomListener.m */,
				273F70641A61C68C005103BA /* NotificationListener.h */,
				273F70651A61C68C005103BA /* NotificationListener.m */,
				273F705F1A61C60E005103BA /* ConnectionListener.h */,
				273F70601A61C60E005103BA /* ConnectionListener.m */,
				F07943091A6D97F5002849ED /* BoardCellDTO.h */,
				F07943071A6D97EA002849ED /* BoardCellDTO.m */,
				A30ADC931A4CFBD200047201 /* Main.storyboard */,
				F0965A561AD3590700348DB0 /* EndGameDialog.xib */,
				F0965A5B1AD366DC00348DB0 /* EndGameDialog2.xib */,
				F06BD5F61ADC42F300365D66 /* EndGameDialog3.xib */,
				F06BD5F81ADC431B00365D66 /* EndGameDialog4.xib */,
				A30ADC961A4CFBD200047201 /* Images.xcassets */,
				A30ADC981A4CFBD200047201 /* LaunchScreen.xib */,
				A30ADC891A4CFBD200047201 /* Supporting Files */,
				F0221D761AB5233900245C38 /* BarTimerView.h */,
				F0221D741AB5232F00245C38 /* BarTimerView.m */,
				A30FCE861AB60D3A0009F82E /* ScoresViewController.h */,
				A30FCE871AB60D3A0009F82E /* ScoresViewController.m */,
				F0965A581AD35DD200348DB0 /* EndGameDialog.h */,
				F0965A591AD35DDD00348DB0 /* EndGameDialog.m */,
			);
			path = NetworkingDemo;
			sourceTree = "<group>";
		};
		A30ADC891A4CFBD200047201 /* Supporting Files */ = {
			isa = PBXGroup;
			children = (
				A330496C1A928B70002BA6EB /* background_music.mp3 */,
				A39C06B41A912D8E00D1B8B8 /* play-100.png */,
				A3CABF1C1A8E6CA80037B370 /* success.m4a */,
				A3CABF1A1A8BBC690037B370 /* trash-64.png */,
				A38B9DA91A8479D300F1F59A /* scrabble_words.txt */,
				A30ADC8D1A4CFBD200047201 /* AppDelegate.h */,
				A30ADC8E1A4CFBD200047201 /* AppDelegate.m */,
				A30ADC8A1A4CFBD200047201 /* Info.plist */,
				A30ADC8B1A4CFBD200047201 /* main.m */,
			);
			name = "Supporting Files";
			sourceTree = "<group>";
		};
		A30ADCA21A4CFBD200047201 /* NetworkingDemoTests */ = {
			isa = PBXGroup;
			children = (
				A30ADCA51A4CFBD200047201 /* NetworkingDemoTests.m */,
				A30ADCA31A4CFBD200047201 /* Supporting Files */,
			);
			path = NetworkingDemoTests;
			sourceTree = "<group>";
		};
		A30ADCA31A4CFBD200047201 /* Supporting Files */ = {
			isa = PBXGroup;
			children = (
				A30ADCA41A4CFBD200047201 /* Info.plist */,
			);
			name = "Supporting Files";
			sourceTree = "<group>";
		};
		A30CA1FF1AC34A4F001EDD8E /* Frameworks */ = {
			isa = PBXGroup;
			children = (
				A30CA1FD1AC34A37001EDD8E /* libsqlite3.dylib */,
				A30CA1FB1AC34A2A001EDD8E /* libz.dylib */,
				A30CA1F91AC34A16001EDD8E /* SystemConfiguration.framework */,
				A30CA1F71AC34A0C001EDD8E /* StoreKit.framework */,
				A30CA1F51AC34A01001EDD8E /* Security.framework */,
				A30CA1F31AC349F9001EDD8E /* QuartzCore.framework */,
				A30CA1F11AC349EC001EDD8E /* MobileCoreServices.framework */,
				A30CA1EF1AC349E1001EDD8E /* CoreLocation.framework */,
				A30CA1ED1AC349D5001EDD8E /* CoreGraphics.framework */,
				A30CA1EB1AC349C7001EDD8E /* CFNetwork.framework */,
				A30CA1E91AC349B8001EDD8E /* AudioToolbox.framework */,
				A30CA1E71AC34973001EDD8E /* Bolts.framework */,
				A30CA1E51AC34967001EDD8E /* Parse.framework */,
				273F705D1A61C101005103BA /* AppWarp_iOS_SDK.framework */,
			);
			name = Frameworks;
			sourceTree = "<group>";
		};
		F061ED0C1A8C004C00C66223 /* Resources */ = {
			isa = PBXGroup;
			children = (
				A386453A1ABA080D0032CF8C /* Shuffle-50 (1).png */,
				A38645381ABA06110032CF8C /* gamebkg4.png */,
				A38645361ABA06000032CF8C /* Reload Filled-50.png */,
				A38645341ABA05F90032CF8C /* Shuffle-50.png */,
				F00FF5F11AB53F4900D3C75E /* trash-64.png */,
				F0221D701AB51ED200245C38 /* fuel_red_2.png */,
				F0221D711AB51ED200245C38 /* fuel_blue_2.png */,
				F04C7F001AD33A51001AE62E /* HomeBut.png */,
				F04C7F011AD33A51001AE62E /* rematchBut.png */,
			);
			name = Resources;
			sourceTree = "<group>";
		};
/* End PBXGroup section */

/* Begin PBXNativeTarget section */
		A30ADC851A4CFBD200047201 /* WordPlay */ = {
			isa = PBXNativeTarget;
			buildConfigurationList = A30ADCA91A4CFBD200047201 /* Build configuration list for PBXNativeTarget "WordPlay" */;
			buildPhases = (
				A30ADC821A4CFBD200047201 /* Sources */,
				A30ADC831A4CFBD200047201 /* Frameworks */,
				A30ADC841A4CFBD200047201 /* Resources */,
			);
			buildRules = (
			);
			dependencies = (
			);
			name = WordPlay;
			productName = NetworkingDemo;
			productReference = A30ADC861A4CFBD200047201 /* WordPlay.app */;
			productType = "com.apple.product-type.application";
		};
		A30ADC9E1A4CFBD200047201 /* WordPlayTests */ = {
			isa = PBXNativeTarget;
			buildConfigurationList = A30ADCAC1A4CFBD200047201 /* Build configuration list for PBXNativeTarget "WordPlayTests" */;
			buildPhases = (
				A30ADC9B1A4CFBD200047201 /* Sources */,
				A30ADC9C1A4CFBD200047201 /* Frameworks */,
				A30ADC9D1A4CFBD200047201 /* Resources */,
			);
			buildRules = (
			);
			dependencies = (
				A30ADCA11A4CFBD200047201 /* PBXTargetDependency */,
			);
			name = WordPlayTests;
			productName = NetworkingDemoTests;
			productReference = A30ADC9F1A4CFBD200047201 /* WordPlayTests.xctest */;
			productType = "com.apple.product-type.bundle.unit-test";
		};
/* End PBXNativeTarget section */

/* Begin PBXProject section */
		A30ADC7E1A4CFBD200047201 /* Project object */ = {
			isa = PBXProject;
			attributes = {
				LastUpgradeCheck = 0610;
				ORGANIZATIONNAME = "Margaret Kelley";
				TargetAttributes = {
					A30ADC851A4CFBD200047201 = {
						CreatedOnToolsVersion = 6.1.1;
						DevelopmentTeam = 9QVE52HVF9;
					};
					A30ADC9E1A4CFBD200047201 = {
						CreatedOnToolsVersion = 6.1.1;
						TestTargetID = A30ADC851A4CFBD200047201;
					};
				};
			};
			buildConfigurationList = A30ADC811A4CFBD200047201 /* Build configuration list for PBXProject "WordPlay" */;
			compatibilityVersion = "Xcode 3.2";
			developmentRegion = English;
			hasScannedForEncodings = 0;
			knownRegions = (
				en,
				Base,
			);
			mainGroup = A30ADC7D1A4CFBD200047201;
			productRefGroup = A30ADC871A4CFBD200047201 /* Products */;
			projectDirPath = "";
			projectRoot = "";
			targets = (
				A30ADC851A4CFBD200047201 /* WordPlay */,
				A30ADC9E1A4CFBD200047201 /* WordPlayTests */,
			);
		};
/* End PBXProject section */

/* Begin PBXResourcesBuildPhase section */
		A30ADC841A4CFBD200047201 /* Resources */ = {
			isa = PBXResourcesBuildPhase;
			buildActionMask = 2147483647;
			files = (
				F07A31441AD4AEE000B80EB0 /* endGameDialog.png in Resources */,
				F04C7EFE1AD33897001AE62E /* endGameDialog.png in Resources */,
				F06BD5F31ADC425200365D66 /* e4.png in Resources */,
				A30FCE811AB605D60009F82E /* unplayedTile2.png in Resources */,
				A38645391ABA06110032CF8C /* gamebkg4.png in Resources */,
				F0965A541AD3566300348DB0 /* endGameDialog.png in Resources */,
				F0221D721AB51ED200245C38 /* fuel_red_2.png in Resources */,
				F04C7F031AD33A51001AE62E /* rematchBut.png in Resources */,
				F04C7EE81AD32F76001AE62E /* icon40.png in Resources */,
				F084F9151AD37B1A00208B98 /* t10.png in Resources */,
				F084F90D1AD37B1A00208B98 /* t2.png in Resources */,
				A38645351ABA05F90032CF8C /* Shuffle-50.png in Resources */,
				F04C7EE71AD32F76001AE62E /* icon32.png in Resources */,
				F084F9101AD37B1A00208B98 /* t5.png in Resources */,
				A30FCE801AB605D60009F82E /* unplayedTile1.png in Resources */,
				F07A31431AD4AEE000B80EB0 /* ctile.png in Resources */,
				F07A31461AD4AEE000B80EB0 /* tile1.png in Resources */,
				F04498961AB0B5F90020F01A /* unplayedTile.png in Resources */,
				F08B23D81A9CE9BA0051C3AF /* bkg.png in Resources */,
				A3CABF1D1A8E6E4F0037B370 /* success.m4a in Resources */,
				F08950151A9A6214004EA816 /* trophy.png in Resources */,
				F06BD5F11ADC425200365D66 /* e2.png in Resources */,
				F084F9131AD37B1A00208B98 /* t8.png in Resources */,
				F084F9161AD37B1A00208B98 /* t11.png in Resources */,
				F0206BBC1ACF4CDC00BA0B80 /* nextButton.png in Resources */,
				F04C7EFF1AD33897001AE62E /* endGameDialog2.png in Resources */,
				A38B9DAA1A8479D300F1F59A /* scrabble_words.txt in Resources */,
				F06BD5FB1ADC44D200365D66 /* Logout-50.png in Resources */,
				F08B23D61A9CE9BA0051C3AF /* tile.png in Resources */,
				F051CEA11AB54B850013AAC7 /* gamebkg.png in Resources */,
				F06BD5F21ADC425200365D66 /* e3.png in Resources */,
				A30FCE851AB605F20009F82E /* unplayedTile3.png in Resources */,
				F0221D731AB51ED200245C38 /* fuel_blue_2.png in Resources */,
				A330496D1A928B70002BA6EB /* background_music.mp3 in Resources */,
				F0221D6B1AB517FE00245C38 /* trophy.png in Resources */,
				F06BD5F51ADC425200365D66 /* scoresButton.png in Resources */,
				F051CEA31AB54B850013AAC7 /* tile1Pressed.png in Resources */,
				F06BD5F91ADC431B00365D66 /* EndGameDialog4.xib in Resources */,
				F04C7EEF1AD330A1001AE62E /* icon292.png in Resources */,
				F04C7EE91AD32F76001AE62E /* icon76.png in Resources */,
				F06BD5EF1ADC425200365D66 /* bkg3.png in Resources */,
				F084F90C1AD37B1A00208B98 /* t1.png in Resources */,
				F084F9141AD37B1A00208B98 /* t9.png in Resources */,
				F07A313E1AD4A04500B80EB0 /* unplayedTile3.png in Resources */,
				F084F9171AD37B1A00208B98 /* t12.png in Resources */,
				F051CEA21AB54B850013AAC7 /* tile1.png in Resources */,
				F0965A531AD3566300348DB0 /* bkg.png in Resources */,
				F0965A571AD3590700348DB0 /* EndGameDialog.xib in Resources */,
				A36E23241AC9E9200068F887 /* hiscorebkg.png in Resources */,
				A3CABF1B1A8BBC690037B370 /* trash-64.png in Resources */,
				F06BD5F41ADC425200365D66 /* playButton.png in Resources */,
				A30FCE831AB605D60009F82E /* unplayedTile4.png in Resources */,
				F0965A5C1AD366DC00348DB0 /* EndGameDialog2.xib in Resources */,
				F07A31451AD4AEE000B80EB0 /* endGameDialog2.png in Resources */,
				F08B23D71A9CE9BA0051C3AF /* tilePressed.png in Resources */,
				F084F90E1AD37B1A00208B98 /* t3.png in Resources */,
				A39C06B51A912D8E00D1B8B8 /* play-100.png in Resources */,
				A30ADC951A4CFBD200047201 /* Main.storyboard in Resources */,
				F00FF5F21AB53F4900D3C75E /* trash-64.png in Resources */,
				F0965A551AD3566300348DB0 /* endGameDialog2.png in Resources */,
				A330496F1A9E63D1002BA6EB /* tile2.png in Resources */,
				F02422921A8C0478003F2B67 /* oj.ttf in Resources */,
				A30ADC9A1A4CFBD200047201 /* LaunchScreen.xib in Resources */,
				F04C7EED1AD330A1001AE62E /* icon40x2.png in Resources */,
				F084F9121AD37B1A00208B98 /* t7.png in Resources */,
				F084F90F1AD37B1A00208B98 /* t4.png in Resources */,
				F0221D691AB514D700245C38 /* Screen Shot 2015-03-14 at 8.15.56 PM.png in Resources */,
				A386453B1ABA080D0032CF8C /* Shuffle-50 (1).png in Resources */,
				F04C7EEE1AD330A1001AE62E /* icon76x2.png in Resources */,
				A30ADC971A4CFBD200047201 /* Images.xcassets in Resources */,
				F06BD5F71ADC42F300365D66 /* EndGameDialog3.xib in Resources */,
				F084F9111AD37B1A00208B98 /* t6.png in Resources */,
				F04498971AB0B5F90020F01A /* gamebkg2.png in Resources */,
				F06BD5F01ADC425200365D66 /* e1.png in Resources */,
				A38645371ABA06000032CF8C /* Reload Filled-50.png in Resources */,
				F04C7EE61AD32F76001AE62E /* icon29.png in Resources */,
				F04C7F021AD33A51001AE62E /* HomeBut.png in Resources */,
			);
			runOnlyForDeploymentPostprocessing = 0;
		};
		A30ADC9D1A4CFBD200047201 /* Resources */ = {
			isa = PBXResourcesBuildPhase;
			buildActionMask = 2147483647;
			files = (
				F02422931A8C0485003F2B67 /* oj.ttf in Resources */,
			);
			runOnlyForDeploymentPostprocessing = 0;
		};
/* End PBXResourcesBuildPhase section */

/* Begin PBXSourcesBuildPhase section */
		A30ADC821A4CFBD200047201 /* Sources */ = {
			isa = PBXSourcesBuildPhase;
			buildActionMask = 2147483647;
			files = (
				A30ADC921A4CFBD200047201 /* ViewController.m in Sources */,
				273F70611A61C60E005103BA /* ConnectionListener.m in Sources */,
				F07943081A6D97EA002849ED /* BoardCellDTO.m in Sources */,
				270711811A9143AF00591493 /* GameHost.m in Sources */,
				A30ADC8F1A4CFBD200047201 /* AppDelegate.m in Sources */,
				A30ADC8C1A4CFBD200047201 /* main.m in Sources */,
				277E15EF1A8292F4009BD072 /* LobbyViewController.m in Sources */,
				F04F041B1ACF212A003FEB65 /* TutorialTile.m in Sources */,
				273BD35F1AD2261500BFEE65 /* JoinGameVC.m in Sources */,
				277E15EC1A800035009BD072 /* TossTileView.m in Sources */,
				F0221D751AB5232F00245C38 /* BarTimerView.m in Sources */,
				273F70661A61C68C005103BA /* RoomListener.m in Sources */,
				27C759A91A69AB1A0004DB59 /* GameConstants.m in Sources */,
				A30ADCB41A4D0CAD00047201 /* TileViewCell.m in Sources */,
				F0AC56741A905B6500D8E953 /* CircleTimerView.m in Sources */,
				A36C3C171A670DF0000BF0B0 /* BoardChecker.m in Sources */,
				F0965A5A1AD35DDD00348DB0 /* EndGameDialog.m in Sources */,
				273F70671A61C68C005103BA /* NotificationListener.m in Sources */,
				A30FCE881AB60D3A0009F82E /* ScoresViewController.m in Sources */,
				F0206BC11ACF506F00BA0B80 /* TutorialTile2.m in Sources */,
				27C759A71A69AAEF0004DB59 /* NetworkUtils.m in Sources */,
				F04428F01A68302600D7B02E /* Player.m in Sources */,
				A30ADCB71A4D0CCC00047201 /* BoardViewCell.m in Sources */,
			);
			runOnlyForDeploymentPostprocessing = 0;
		};
		A30ADC9B1A4CFBD200047201 /* Sources */ = {
			isa = PBXSourcesBuildPhase;
			buildActionMask = 2147483647;
			files = (
				A30ADCA61A4CFBD200047201 /* NetworkingDemoTests.m in Sources */,
			);
			runOnlyForDeploymentPostprocessing = 0;
		};
/* End PBXSourcesBuildPhase section */

/* Begin PBXTargetDependency section */
		A30ADCA11A4CFBD200047201 /* PBXTargetDependency */ = {
			isa = PBXTargetDependency;
			target = A30ADC851A4CFBD200047201 /* WordPlay */;
			targetProxy = A30ADCA01A4CFBD200047201 /* PBXContainerItemProxy */;
		};
/* End PBXTargetDependency section */

/* Begin PBXVariantGroup section */
		A30ADC931A4CFBD200047201 /* Main.storyboard */ = {
			isa = PBXVariantGroup;
			children = (
				A30ADC941A4CFBD200047201 /* Base */,
			);
			name = Main.storyboard;
			sourceTree = "<group>";
		};
		A30ADC981A4CFBD200047201 /* LaunchScreen.xib */ = {
			isa = PBXVariantGroup;
			children = (
				A30ADC991A4CFBD200047201 /* Base */,
			);
			name = LaunchScreen.xib;
			sourceTree = "<group>";
		};
/* End PBXVariantGroup section */

/* Begin XCBuildConfiguration section */
		A30ADCA71A4CFBD200047201 /* Debug */ = {
			isa = XCBuildConfiguration;
			buildSettings = {
				ALWAYS_SEARCH_USER_PATHS = NO;
				CLANG_CXX_LANGUAGE_STANDARD = "gnu++0x";
				CLANG_CXX_LIBRARY = "libc++";
				CLANG_ENABLE_MODULES = YES;
				CLANG_ENABLE_OBJC_ARC = YES;
				CLANG_WARN_BOOL_CONVERSION = YES;
				CLANG_WARN_CONSTANT_CONVERSION = YES;
				CLANG_WARN_DIRECT_OBJC_ISA_USAGE = YES_ERROR;
				CLANG_WARN_EMPTY_BODY = YES;
				CLANG_WARN_ENUM_CONVERSION = YES;
				CLANG_WARN_INT_CONVERSION = YES;
				CLANG_WARN_OBJC_ROOT_CLASS = YES_ERROR;
				CLANG_WARN_UNREACHABLE_CODE = YES;
				CLANG_WARN__DUPLICATE_METHOD_MATCH = YES;
				"CODE_SIGN_IDENTITY[sdk=iphoneos*]" = "iPhone Developer";
				COPY_PHASE_STRIP = NO;
				ENABLE_STRICT_OBJC_MSGSEND = YES;
				GCC_C_LANGUAGE_STANDARD = gnu99;
				GCC_DYNAMIC_NO_PIC = NO;
				GCC_OPTIMIZATION_LEVEL = 0;
				GCC_PREPROCESSOR_DEFINITIONS = (
					"DEBUG=1",
					"$(inherited)",
				);
				GCC_SYMBOLS_PRIVATE_EXTERN = NO;
				GCC_WARN_64_TO_32_BIT_CONVERSION = YES;
				GCC_WARN_ABOUT_RETURN_TYPE = YES_ERROR;
				GCC_WARN_UNDECLARED_SELECTOR = YES;
				GCC_WARN_UNINITIALIZED_AUTOS = YES_AGGRESSIVE;
				GCC_WARN_UNUSED_FUNCTION = YES;
				GCC_WARN_UNUSED_VARIABLE = YES;
				IPHONEOS_DEPLOYMENT_TARGET = 8.1;
				MTL_ENABLE_DEBUG_INFO = YES;
				ONLY_ACTIVE_ARCH = YES;
				SDKROOT = iphoneos;
				TARGETED_DEVICE_FAMILY = 2;
			};
			name = Debug;
		};
		A30ADCA81A4CFBD200047201 /* Release */ = {
			isa = XCBuildConfiguration;
			buildSettings = {
				ALWAYS_SEARCH_USER_PATHS = NO;
				CLANG_CXX_LANGUAGE_STANDARD = "gnu++0x";
				CLANG_CXX_LIBRARY = "libc++";
				CLANG_ENABLE_MODULES = YES;
				CLANG_ENABLE_OBJC_ARC = YES;
				CLANG_WARN_BOOL_CONVERSION = YES;
				CLANG_WARN_CONSTANT_CONVERSION = YES;
				CLANG_WARN_DIRECT_OBJC_ISA_USAGE = YES_ERROR;
				CLANG_WARN_EMPTY_BODY = YES;
				CLANG_WARN_ENUM_CONVERSION = YES;
				CLANG_WARN_INT_CONVERSION = YES;
				CLANG_WARN_OBJC_ROOT_CLASS = YES_ERROR;
				CLANG_WARN_UNREACHABLE_CODE = YES;
				CLANG_WARN__DUPLICATE_METHOD_MATCH = YES;
				"CODE_SIGN_IDENTITY[sdk=iphoneos*]" = "iPhone Developer";
				COPY_PHASE_STRIP = YES;
				ENABLE_NS_ASSERTIONS = NO;
				ENABLE_STRICT_OBJC_MSGSEND = YES;
				GCC_C_LANGUAGE_STANDARD = gnu99;
				GCC_WARN_64_TO_32_BIT_CONVERSION = YES;
				GCC_WARN_ABOUT_RETURN_TYPE = YES_ERROR;
				GCC_WARN_UNDECLARED_SELECTOR = YES;
				GCC_WARN_UNINITIALIZED_AUTOS = YES_AGGRESSIVE;
				GCC_WARN_UNUSED_FUNCTION = YES;
				GCC_WARN_UNUSED_VARIABLE = YES;
				IPHONEOS_DEPLOYMENT_TARGET = 8.1;
				MTL_ENABLE_DEBUG_INFO = NO;
				SDKROOT = iphoneos;
				TARGETED_DEVICE_FAMILY = 2;
				VALIDATE_PRODUCT = YES;
			};
			name = Release;
		};
		A30ADCAA1A4CFBD200047201 /* Debug */ = {
			isa = XCBuildConfiguration;
			buildSettings = {
				ASSETCATALOG_COMPILER_APPICON_NAME = AppIcon;
				CODE_SIGN_IDENTITY = "iPhone Developer";
				"CODE_SIGN_IDENTITY[sdk=iphoneos*]" = "iPhone Developer";
				FRAMEWORK_SEARCH_PATHS = (
					"$(inherited)",
					"$(PROJECT_DIR)",
					/Users/kyle/Downloads,
					/Users/margaretkelley/Desktop,
				);
				INFOPLIST_FILE = NetworkingDemo/Info.plist;
				IPHONEOS_DEPLOYMENT_TARGET = 6.1;
				LD_RUNPATH_SEARCH_PATHS = "$(inherited) @executable_path/Frameworks";
				PRODUCT_NAME = WordPlay;
				PROVISIONING_PROFILE = "";
				TARGETED_DEVICE_FAMILY = 2;
			};
			name = Debug;
		};
		A30ADCAB1A4CFBD200047201 /* Release */ = {
			isa = XCBuildConfiguration;
			buildSettings = {
				ASSETCATALOG_COMPILER_APPICON_NAME = AppIcon;
				CODE_SIGN_IDENTITY = "iPhone Developer";
				"CODE_SIGN_IDENTITY[sdk=iphoneos*]" = "iPhone Developer";
				FRAMEWORK_SEARCH_PATHS = (
					"$(inherited)",
					"$(PROJECT_DIR)",
					/Users/kyle/Downloads,
					/Users/margaretkelley/Desktop,
				);
				INFOPLIST_FILE = NetworkingDemo/Info.plist;
				IPHONEOS_DEPLOYMENT_TARGET = 6.1;
				LD_RUNPATH_SEARCH_PATHS = "$(inherited) @executable_path/Frameworks";
				PRODUCT_NAME = WordPlay;
				PROVISIONING_PROFILE = "";
				TARGETED_DEVICE_FAMILY = 2;
			};
			name = Release;
		};
		A30ADCAD1A4CFBD200047201 /* Debug */ = {
			isa = XCBuildConfiguration;
			buildSettings = {
				BUNDLE_LOADER = "$(TEST_HOST)";
				FRAMEWORK_SEARCH_PATHS = (
					"$(SDKROOT)/Developer/Library/Frameworks",
					"$(inherited)",
				);
				GCC_PREPROCESSOR_DEFINITIONS = (
					"DEBUG=1",
					"$(inherited)",
				);
				INFOPLIST_FILE = NetworkingDemoTests/Info.plist;
				LD_RUNPATH_SEARCH_PATHS = "$(inherited) @executable_path/Frameworks @loader_path/Frameworks";
				PRODUCT_NAME = WordPlayTests;
				TEST_HOST = "";
			};
			name = Debug;
		};
		A30ADCAE1A4CFBD200047201 /* Release */ = {
			isa = XCBuildConfiguration;
			buildSettings = {
				BUNDLE_LOADER = "$(TEST_HOST)";
				FRAMEWORK_SEARCH_PATHS = (
					"$(SDKROOT)/Developer/Library/Frameworks",
					"$(inherited)",
				);
				INFOPLIST_FILE = NetworkingDemoTests/Info.plist;
				LD_RUNPATH_SEARCH_PATHS = "$(inherited) @executable_path/Frameworks @loader_path/Frameworks";
				PRODUCT_NAME = WordPlayTests;
				TEST_HOST = "";
			};
			name = Release;
		};
/* End XCBuildConfiguration section */

/* Begin XCConfigurationList section */
		A30ADC811A4CFBD200047201 /* Build configuration list for PBXProject "WordPlay" */ = {
			isa = XCConfigurationList;
			buildConfigurations = (
				A30ADCA71A4CFBD200047201 /* Debug */,
				A30ADCA81A4CFBD200047201 /* Release */,
			);
			defaultConfigurationIsVisible = 0;
			defaultConfigurationName = Release;
		};
		A30ADCA91A4CFBD200047201 /* Build configuration list for PBXNativeTarget "WordPlay" */ = {
			isa = XCConfigurationList;
			buildConfigurations = (
				A30ADCAA1A4CFBD200047201 /* Debug */,
				A30ADCAB1A4CFBD200047201 /* Release */,
			);
			defaultConfigurationIsVisible = 0;
			defaultConfigurationName = Release;
		};
		A30ADCAC1A4CFBD200047201 /* Build configuration list for PBXNativeTarget "WordPlayTests" */ = {
			isa = XCConfigurationList;
			buildConfigurations = (
				A30ADCAD1A4CFBD200047201 /* Debug */,
				A30ADCAE1A4CFBD200047201 /* Release */,
			);
			defaultConfigurationIsVisible = 0;
			defaultConfigurationName = Release;
		};
/* End XCConfigurationList section */
	};
	rootObject = A30ADC7E1A4CFBD200047201 /* Project object */;
}
